Microsoft Visual Studio Solution File, Format Version 11.00
# Visual Studio 2010
Project("{F184B08F-C81C-45F6-A57F-5ABD9991F28F}") = "DemoAppsHubVB", "DemoAppsHubVB.vbproj", "{EBFB4D06-0BB7-4771-8EC2-68D7BE0948C4}"
EndProject
Global
	GlobalSection(SolutionConfigurationPlatforms) = preSolution
		Debug|x86 = Debug|x86
		Debug40|x86 = Debug40|x86
		Release|x86 = Release|x86
		Release40|x86 = Release40|x86
		ReleaseTrial|x86 = ReleaseTrial|x86
		ReleaseTrial40|x86 = ReleaseTrial40|x86
	EndGlobalSection
	GlobalSection(ProjectConfigurationPlatforms) = postSolution
		{EBFB4D06-0BB7-4771-8EC2-68D7BE0948C4}.Debug|x86.ActiveCfg = Debug|x86
		{EBFB4D06-0BB7-4771-8EC2-68D7BE0948C4}.Debug|x86.Build.0 = Debug|x86
		{EBFB4D06-0BB7-4771-8EC2-68D7BE0948C4}.Debug40|x86.ActiveCfg = Debug40|x86
		{EBFB4D06-0BB7-4771-8EC2-68D7BE0948C4}.Debug40|x86.Build.0 = Debug40|x86
		{EBFB4D06-0BB7-4771-8EC2-68D7BE0948C4}.Release|x86.ActiveCfg = Release|x86
		{EBFB4D06-0BB7-4771-8EC2-68D7BE0948C4}.Release|x86.Build.0 = Release|x86
		{EBFB4D06-0BB7-4771-8EC2-68D7BE0948C4}.Release40|x86.ActiveCfg = Release40|x86
		{EBFB4D06-0BB7-4771-8EC2-68D7BE0948C4}.Release40|x86.Build.0 = Release40|x86
		{EBFB4D06-0BB7-4771-8EC2-68D7BE0948C4}.ReleaseTrial|x86.ActiveCfg = ReleaseTrial|x86
		{EBFB4D06-0BB7-4771-8EC2-68D7BE0948C4}.ReleaseTrial|x86.Build.0 = ReleaseTrial|x86
		{EBFB4D06-0BB7-4771-8EC2-68D7BE0948C4}.ReleaseTrial40|x86.ActiveCfg = ReleaseTrial40|x86
		{EBFB4D06-0BB7-4771-8EC2-68D7BE0948C4}.ReleaseTrial40|x86.Build.0 = ReleaseTrial40|x86
	EndGlobalSection
	GlobalSection(SolutionProperties) = preSolution
		HideSolutionNode = FALSE
	EndGlobalSection
EndGlobal
