Microsoft Visual Studio Solution File, Format Version 11.00
# Visual Studio 2010
Project("{FAE04EC0-301F-11D3-BF4B-00C04F79EFBC}") = "BugTracker", "BugTracker.csproj", "{2A02EA47-CCE5-4502-88CA-8B5674438CE6}"
EndProject
Global	GlobalSection(SolutionConfigurationPlatforms) = preSolution
		Debug|Any CPU = Debug|Any CPU
		Debug|x86 = Debug|x86
		Debug40|Any CPU = Debug40|Any CPU
		Debug40|x86 = Debug40|x86
		Release|Any CPU = Release|Any CPU
		Release|x86 = Release|x86
		Release40|Any CPU = Release40|Any CPU
		Release40|x86 = Release40|x86
		ReleaseTrial|Any CPU = ReleaseTrial|Any CPU
		ReleaseTrial|x86 = ReleaseTrial|x86
		ReleaseTrial40|Any CPU = ReleaseTrial40|Any CPU
		ReleaseTrial40|x86 = ReleaseTrial40|x86
	EndGlobalSection
	GlobalSection(ProjectConfigurationPlatforms) = postSolution
		{2A02EA47-CCE5-4502-88CA-8B5674438CE6}.Debug|Any CPU.ActiveCfg = Debug|Any CPU
		{2A02EA47-CCE5-4502-88CA-8B5674438CE6}.Debug|Any CPU.Build.0 = Debug|Any CPU
		{2A02EA47-CCE5-4502-88CA-8B5674438CE6}.Debug|x86.ActiveCfg = Debug|Any CPU
		{2A02EA47-CCE5-4502-88CA-8B5674438CE6}.Debug40|Any CPU.ActiveCfg = Debug40|Any CPU
		{2A02EA47-CCE5-4502-88CA-8B5674438CE6}.Debug40|Any CPU.Build.0 = Debug40|Any CPU
		{2A02EA47-CCE5-4502-88CA-8B5674438CE6}.Debug40|x86.ActiveCfg = Debug40|Any CPU
		{2A02EA47-CCE5-4502-88CA-8B5674438CE6}.Release|Any CPU.ActiveCfg = Release|Any CPU
		{2A02EA47-CCE5-4502-88CA-8B5674438CE6}.Release|Any CPU.Build.0 = Release|Any CPU
		{2A02EA47-CCE5-4502-88CA-8B5674438CE6}.Release|x86.ActiveCfg = Release|Any CPU
		{2A02EA47-CCE5-4502-88CA-8B5674438CE6}.Release40|Any CPU.ActiveCfg = Release40|Any CPU
		{2A02EA47-CCE5-4502-88CA-8B5674438CE6}.Release40|Any CPU.Build.0 = Release40|Any CPU
		{2A02EA47-CCE5-4502-88CA-8B5674438CE6}.Release40|x86.ActiveCfg = Release40|Any CPU
		{2A02EA47-CCE5-4502-88CA-8B5674438CE6}.ReleaseTrial|Any CPU.ActiveCfg = ReleaseTrial|Any CPU
		{2A02EA47-CCE5-4502-88CA-8B5674438CE6}.ReleaseTrial|Any CPU.Build.0 = ReleaseTrial|Any CPU
		{2A02EA47-CCE5-4502-88CA-8B5674438CE6}.ReleaseTrial|x86.ActiveCfg = ReleaseTrial|Any CPU
		{2A02EA47-CCE5-4502-88CA-8B5674438CE6}.ReleaseTrial40|Any CPU.ActiveCfg = ReleaseTrial40|Any CPU
		{2A02EA47-CCE5-4502-88CA-8B5674438CE6}.ReleaseTrial40|Any CPU.Build.0 = ReleaseTrial40|Any CPU
		{2A02EA47-CCE5-4502-88CA-8B5674438CE6}.ReleaseTrial40|x86.ActiveCfg = ReleaseTrial40|Any CPU
	EndGlobalSection
	GlobalSection(SolutionProperties) = preSolution
		HideSolutionNode = FALSE
	EndGlobalSection
EndGlobal
