Microsoft Visual Studio Solution File, Format Version 11.00
# Visual Studio 2010
Project("{FAE04EC0-301F-11D3-BF4B-00C04F79EFBC}") = "BookShelf", "BookShelf.csproj", "{2F278873-1874-4B3F-A1B4-FAC9A69F15F0}"
EndProject
Global	GlobalSection(SolutionConfigurationPlatforms) = preSolution
		Debug|Any CPU = Debug|Any CPU
		Debug|Mixed Platforms = Debug|Mixed Platforms
		Debug|x86 = Debug|x86
		Debug40|Any CPU = Debug40|Any CPU
		Debug40|Mixed Platforms = Debug40|Mixed Platforms
		Debug40|x86 = Debug40|x86
		Release|Any CPU = Release|Any CPU
		Release|Mixed Platforms = Release|Mixed Platforms
		Release|x86 = Release|x86
		Release40|Any CPU = Release40|Any CPU
		Release40|Mixed Platforms = Release40|Mixed Platforms
		Release40|x86 = Release40|x86
		ReleaseTrial|Any CPU = ReleaseTrial|Any CPU
		ReleaseTrial|Mixed Platforms = ReleaseTrial|Mixed Platforms
		ReleaseTrial|x86 = ReleaseTrial|x86
		ReleaseTrial40|Any CPU = ReleaseTrial40|Any CPU
		ReleaseTrial40|Mixed Platforms = ReleaseTrial40|Mixed Platforms
		ReleaseTrial40|x86 = ReleaseTrial40|x86
	EndGlobalSection
	GlobalSection(ProjectConfigurationPlatforms) = postSolution
		{2F278873-1874-4B3F-A1B4-FAC9A69F15F0}.Debug|Any CPU.ActiveCfg = Debug|x86
		{2F278873-1874-4B3F-A1B4-FAC9A69F15F0}.Debug|Mixed Platforms.ActiveCfg = Debug|x86
		{2F278873-1874-4B3F-A1B4-FAC9A69F15F0}.Debug|Mixed Platforms.Build.0 = Debug|x86
		{2F278873-1874-4B3F-A1B4-FAC9A69F15F0}.Debug|x86.ActiveCfg = Debug|x86
		{2F278873-1874-4B3F-A1B4-FAC9A69F15F0}.Debug|x86.Build.0 = Debug|x86
		{2F278873-1874-4B3F-A1B4-FAC9A69F15F0}.Debug40|Any CPU.ActiveCfg = Debug40|x86
		{2F278873-1874-4B3F-A1B4-FAC9A69F15F0}.Debug40|Mixed Platforms.ActiveCfg = Debug40|x86
		{2F278873-1874-4B3F-A1B4-FAC9A69F15F0}.Debug40|Mixed Platforms.Build.0 = Debug40|x86
		{2F278873-1874-4B3F-A1B4-FAC9A69F15F0}.Debug40|x86.ActiveCfg = Debug40|x86
		{2F278873-1874-4B3F-A1B4-FAC9A69F15F0}.Debug40|x86.Build.0 = Debug40|x86
		{2F278873-1874-4B3F-A1B4-FAC9A69F15F0}.Release|Any CPU.ActiveCfg = Release|x86
		{2F278873-1874-4B3F-A1B4-FAC9A69F15F0}.Release|Mixed Platforms.ActiveCfg = Release|x86
		{2F278873-1874-4B3F-A1B4-FAC9A69F15F0}.Release|Mixed Platforms.Build.0 = Release|x86
		{2F278873-1874-4B3F-A1B4-FAC9A69F15F0}.Release|x86.ActiveCfg = Release|x86
		{2F278873-1874-4B3F-A1B4-FAC9A69F15F0}.Release|x86.Build.0 = Release|x86
		{2F278873-1874-4B3F-A1B4-FAC9A69F15F0}.Release40|Any CPU.ActiveCfg = Release40|x86
		{2F278873-1874-4B3F-A1B4-FAC9A69F15F0}.Release40|Mixed Platforms.ActiveCfg = Release40|x86
		{2F278873-1874-4B3F-A1B4-FAC9A69F15F0}.Release40|Mixed Platforms.Build.0 = Release40|x86
		{2F278873-1874-4B3F-A1B4-FAC9A69F15F0}.Release40|x86.ActiveCfg = Release40|x86
		{2F278873-1874-4B3F-A1B4-FAC9A69F15F0}.Release40|x86.Build.0 = Release40|x86
		{2F278873-1874-4B3F-A1B4-FAC9A69F15F0}.ReleaseTrial|Any CPU.ActiveCfg = ReleaseTrial|x86
		{2F278873-1874-4B3F-A1B4-FAC9A69F15F0}.ReleaseTrial|Mixed Platforms.ActiveCfg = ReleaseTrial|x86
		{2F278873-1874-4B3F-A1B4-FAC9A69F15F0}.ReleaseTrial|Mixed Platforms.Build.0 = ReleaseTrial|x86
		{2F278873-1874-4B3F-A1B4-FAC9A69F15F0}.ReleaseTrial|x86.ActiveCfg = ReleaseTrial|x86
		{2F278873-1874-4B3F-A1B4-FAC9A69F15F0}.ReleaseTrial|x86.Build.0 = ReleaseTrial|x86
		{2F278873-1874-4B3F-A1B4-FAC9A69F15F0}.ReleaseTrial40|Any CPU.ActiveCfg = ReleaseTrial40|x86
		{2F278873-1874-4B3F-A1B4-FAC9A69F15F0}.ReleaseTrial40|Mixed Platforms.ActiveCfg = ReleaseTrial40|x86
		{2F278873-1874-4B3F-A1B4-FAC9A69F15F0}.ReleaseTrial40|Mixed Platforms.Build.0 = ReleaseTrial40|x86
		{2F278873-1874-4B3F-A1B4-FAC9A69F15F0}.ReleaseTrial40|x86.ActiveCfg = ReleaseTrial40|x86
		{2F278873-1874-4B3F-A1B4-FAC9A69F15F0}.ReleaseTrial40|x86.Build.0 = ReleaseTrial40|x86
	EndGlobalSection
	GlobalSection(SolutionProperties) = preSolution
		HideSolutionNode = FALSE
	EndGlobalSection
EndGlobal
