Microsoft Visual Studio Solution File, Format Version 11.00
# Visual Studio 2010
Project("{FAE04EC0-301F-11D3-BF4B-00C04F79EFBC}") = "Examples", "Examples.csproj", "{99FE5538-9600-4E9F-AB89-7AE8B2065A58}"
EndProject
Global	
	GlobalSection(SolutionConfigurationPlatforms) = preSolution
		Debug|x86 = Debug|x86
		Debug40|x86 = Debug40|x86
		Release|x86 = Release|x86
		Release40|x86 = Release40|x86
		ReleaseTrial|x86 = ReleaseTrial|x86
		ReleaseTrial40|x86 = ReleaseTrial40|x86
	EndGlobalSection
	GlobalSection(ProjectConfigurationPlatforms) = postSolution
		{99FE5538-9600-4E9F-AB89-7AE8B2065A58}.Debug|x86.ActiveCfg = Debug|x86
		{99FE5538-9600-4E9F-AB89-7AE8B2065A58}.Debug|x86.Build.0 = Debug|x86
		{99FE5538-9600-4E9F-AB89-7AE8B2065A58}.Debug40|x86.ActiveCfg = Debug40|x86
		{99FE5538-9600-4E9F-AB89-7AE8B2065A58}.Debug40|x86.Build.0 = Debug40|x86
		{99FE5538-9600-4E9F-AB89-7AE8B2065A58}.Release|x86.ActiveCfg = Release|x86
		{99FE5538-9600-4E9F-AB89-7AE8B2065A58}.Release|x86.Build.0 = Release|x86
		{99FE5538-9600-4E9F-AB89-7AE8B2065A58}.Release40|x86.ActiveCfg = Release40|x86
		{99FE5538-9600-4E9F-AB89-7AE8B2065A58}.Release40|x86.Build.0 = Release40|x86
		{99FE5538-9600-4E9F-AB89-7AE8B2065A58}.ReleaseTrial|x86.ActiveCfg = ReleaseTrial|x86
		{99FE5538-9600-4E9F-AB89-7AE8B2065A58}.ReleaseTrial|x86.Build.0 = ReleaseTrial|x86
		{99FE5538-9600-4E9F-AB89-7AE8B2065A58}.ReleaseTrial40|x86.ActiveCfg = ReleaseTrial40|x86
		{99FE5538-9600-4E9F-AB89-7AE8B2065A58}.ReleaseTrial40|x86.Build.0 = ReleaseTrial40|x86
	EndGlobalSection
	GlobalSection(SolutionProperties) = preSolution
		HideSolutionNode = FALSE
	EndGlobalSection
EndGlobal
