Microsoft Visual Studio Solution File, Format Version 11.00
# Visual Studio 2010
Project("{F184B08F-C81C-45F6-A57F-5ABD9991F28F}") = "Examples", "Examples.vbproj", "{99FE5538-9600-4E9F-AB89-7AE8B2065A58}"
EndProject
Global
	GlobalSection(SolutionConfigurationPlatforms) = preSolution
		Debug|x86 = Debug|x86
		Debug40|x86 = Debug40|x86
		Release|x86 = Release|x86
		Release40|x86 = Release40|x86
	EndGlobalSection
	GlobalSection(ProjectConfigurationPlatforms) = postSolution
		{99FE5538-9600-4E9F-AB89-7AE8B2065A58}.Debug|x86.ActiveCfg = Debug40|x86
		{99FE5538-9600-4E9F-AB89-7AE8B2065A58}.Debug|x86.Build.0 = Debug40|x86
		{99FE5538-9600-4E9F-AB89-7AE8B2065A58}.Debug40|x86.ActiveCfg = Debug40|x86
		{99FE5538-9600-4E9F-AB89-7AE8B2065A58}.Debug40|x86.Build.0 = Debug40|x86
		{99FE5538-9600-4E9F-AB89-7AE8B2065A58}.Release|x86.ActiveCfg = Release40|x86
		{99FE5538-9600-4E9F-AB89-7AE8B2065A58}.Release|x86.Build.0 = Release40|x86
		{99FE5538-9600-4E9F-AB89-7AE8B2065A58}.Release40|x86.ActiveCfg = Release40|x86
		{99FE5538-9600-4E9F-AB89-7AE8B2065A58}.Release40|x86.Build.0 = Release40|x86
	EndGlobalSection
	GlobalSection(SolutionProperties) = preSolution
		HideSolutionNode = FALSE
	EndGlobalSection
	GlobalSection(ExtensibilityGlobals) = postSolution
		SolutionGuid = {4E80D8DE-64F9-4039-9E5C-FBE02CDB2F96}
	EndGlobalSectionEndGlobal
